
Microsoft Visual Studio Solution File, Format Version 12.00
# Visual Studio Version 17
VisualStudioVersion = 17.8.34212.112
MinimumVisualStudioVersion = 10.0.40219.1
Project("{FAE04EC0-301F-11D3-BF4B-00C04F79EFBC}") = "task1", "task1\task1.csproj", "{2A5473C1-BF05-435E-8630-24B21FE3083B}"
EndProject
Global
	GlobalSection(SolutionConfigurationPlatforms) = preSolution
		Debug|Any CPU = Debug|Any CPU
		Release|Any CPU = Release|Any CPU
	EndGlobalSection
	GlobalSection(ProjectConfigurationPlatforms) = postSolution
		{2A5473C1-BF05-435E-8630-24B21FE3083B}.Debug|Any CPU.ActiveCfg = Debug|Any CPU
		{2A5473C1-BF05-435E-8630-24B21FE3083B}.Debug|Any CPU.Build.0 = Debug|Any CPU
		{2A5473C1-BF05-435E-8630-24B21FE3083B}.Release|Any CPU.ActiveCfg = Release|Any CPU
		{2A5473C1-BF05-435E-8630-24B21FE3083B}.Release|Any CPU.Build.0 = Release|Any CPU
	EndGlobalSection
	GlobalSection(SolutionProperties) = preSolution
		HideSolutionNode = FALSE
	EndGlobalSection
	GlobalSection(ExtensibilityGlobals) = postSolution
		SolutionGuid = {5C41C543-2867-4F9A-B87B-47E9E5136FC9}
	EndGlobalSection
EndGlobal
